// !$*UTF8*$!
{
	archiveVersion = 1;
	classes = {
	};
	objectVersion = 48;
	objects = {

/* Begin PBXAggregateTarget section */
		A7D7F6DC1FC83B9E0037E16E /* csenseIosBaseFramework */ = {
			isa = PBXAggregateTarget;
			buildConfigurationList = A7D7F6DF1FC83B9E0037E16E /* Build configuration list for PBXAggregateTarget "csenseIosBaseFramework" */;
			buildPhases = (
				A7D7F6E01FC83BC40037E16E /* Generate framework */,
			);
			dependencies = (
			);
			name = csenseIosBaseFramework;
			productName = csenseIosBaseFramework;
		};
/* End PBXAggregateTarget section */

/* Begin PBXBuildFile section */
		A704F3E51FAC4BF800833615 /* csenseIosBase.framework in Frameworks */ = {isa = PBXBuildFile; fileRef = A704F3DB1FAC4BF700833615 /* csenseIosBase.framework */; };
		A704F3EA1FAC4BF800833615 /* csenseIosBaseTests.swift in Sources */ = {isa = PBXBuildFile; fileRef = A704F3E91FAC4BF800833615 /* csenseIosBaseTests.swift */; };
		A704F3EC1FAC4BF800833615 /* csenseIosBase.h in Headers */ = {isa = PBXBuildFile; fileRef = A704F3DE1FAC4BF700833615 /* csenseIosBase.h */; settings = {ATTRIBUTES = (Public, ); }; };
		A7646D211FB51D520011BBEF /* csenseSwift.framework in Frameworks */ = {isa = PBXBuildFile; fileRef = A7646D221FB51D520011BBEF /* csenseSwift.framework */; };
		A7646D251FB552690011BBEF /* csenseTests.framework in Frameworks */ = {isa = PBXBuildFile; fileRef = A7646D261FB552690011BBEF /* csenseTests.framework */; };
		A7B06DD22000F34200FAEDD6 /* .swiftlint.yml in Resources */ = {isa = PBXBuildFile; fileRef = A7B06DD12000F34200FAEDD6 /* .swiftlint.yml */; };
		A7D3CD7C1FACA31800A8633F /* csenseTests.framework in Sources */ = {isa = PBXBuildFile; fileRef = A7D3CD7B1FACA2E800A8633F /* csenseTests.framework */; };
		A7D673491FCEDE3900AFAE30 /* Cartfile in Resources */ = {isa = PBXBuildFile; fileRef = A7D673481FCEDE3900AFAE30 /* Cartfile */; };
		BC2361328BA64810E9FE9FA6 /* GeneralFunctions.swift in Sources */ = {isa = PBXBuildFile; fileRef = BC236C45BC71C0992C3F8A83 /* GeneralFunctions.swift */; };
		BC23613DC777593DA874E47A /* Logger.swift in Sources */ = {isa = PBXBuildFile; fileRef = BC236E8B0A0EF5A1111C3918 /* Logger.swift */; };
		BC2365278C73EC4930689752 /* Data.swift in Sources */ = {isa = PBXBuildFile; fileRef = BC23600C97E574CA69DFEF7C /* Data.swift */; };
		BC236929F77E680E8E4B732B /* DataTests.swift in Sources */ = {isa = PBXBuildFile; fileRef = BC2364D50748884503C90DF9 /* DataTests.swift */; };
		BC236AD314B75DAA1BD16C25 /* CGFloatTests.swift in Sources */ = {isa = PBXBuildFile; fileRef = BC2366BC802B6BBCF98B98BD /* CGFloatTests.swift */; };
		BC236E545B47B0BF3598BA94 /* LoggerTests.swift in Sources */ = {isa = PBXBuildFile; fileRef = BC23624A2E89EF1650DD7B9D /* LoggerTests.swift */; };
		BC236F871C3EBE7393E8C5D3 /* CGFloatExtensions.swift in Sources */ = {isa = PBXBuildFile; fileRef = BC2368D3A5B09F52D6C7CD92 /* CGFloatExtensions.swift */; };
/* End PBXBuildFile section */

/* Begin PBXContainerItemProxy section */
		A704F3E61FAC4BF800833615 /* PBXContainerItemProxy */ = {
			isa = PBXContainerItemProxy;
			containerPortal = A704F3D21FAC4BF700833615 /* Project object */;
			proxyType = 1;
			remoteGlobalIDString = A704F3DA1FAC4BF700833615;
			remoteInfo = csenseIosBase;
		};
/* End PBXContainerItemProxy section */

/* Begin PBXFileReference section */
		A704F3DB1FAC4BF700833615 /* csenseIosBase.framework */ = {isa = PBXFileReference; explicitFileType = wrapper.framework; includeInIndex = 0; path = csenseIosBase.framework; sourceTree = BUILT_PRODUCTS_DIR; };
		A704F3DE1FAC4BF700833615 /* csenseIosBase.h */ = {isa = PBXFileReference; lastKnownFileType = sourcecode.c.h; path = csenseIosBase.h; sourceTree = "<group>"; };
		A704F3DF1FAC4BF700833615 /* Info.plist */ = {isa = PBXFileReference; lastKnownFileType = text.plist.xml; path = Info.plist; sourceTree = "<group>"; };
		A704F3E41FAC4BF800833615 /* csenseIosBaseTests.xctest */ = {isa = PBXFileReference; explicitFileType = wrapper.cfbundle; includeInIndex = 0; path = csenseIosBaseTests.xctest; sourceTree = BUILT_PRODUCTS_DIR; };
		A704F3E91FAC4BF800833615 /* csenseIosBaseTests.swift */ = {isa = PBXFileReference; lastKnownFileType = sourcecode.swift; path = csenseIosBaseTests.swift; sourceTree = "<group>"; };
		A704F3EB1FAC4BF800833615 /* Info.plist */ = {isa = PBXFileReference; lastKnownFileType = text.plist.xml; path = Info.plist; sourceTree = "<group>"; };
		A7646D221FB51D520011BBEF /* csenseSwift.framework */ = {isa = PBXFileReference; explicitFileType = wrapper.framework; path = csenseSwift.framework; sourceTree = BUILT_PRODUCTS_DIR; };
		A7646D261FB552690011BBEF /* csenseTests.framework */ = {isa = PBXFileReference; explicitFileType = wrapper.framework; path = csenseTests.framework; sourceTree = BUILT_PRODUCTS_DIR; };
		A7B06DD12000F34200FAEDD6 /* .swiftlint.yml */ = {isa = PBXFileReference; lastKnownFileType = text; path = .swiftlint.yml; sourceTree = "<group>"; };
		A7D3CD7B1FACA2E800A8633F /* csenseTests.framework */ = {isa = PBXFileReference; explicitFileType = wrapper.framework; path = csenseTests.framework; sourceTree = BUILT_PRODUCTS_DIR; };
		A7D673481FCEDE3900AFAE30 /* Cartfile */ = {isa = PBXFileReference; lastKnownFileType = text; path = Cartfile; sourceTree = "<group>"; };
		BC23600C97E574CA69DFEF7C /* Data.swift */ = {isa = PBXFileReference; fileEncoding = 4; lastKnownFileType = sourcecode.swift; path = Data.swift; sourceTree = "<group>"; };
		BC23624A2E89EF1650DD7B9D /* LoggerTests.swift */ = {isa = PBXFileReference; fileEncoding = 4; lastKnownFileType = sourcecode.swift; path = LoggerTests.swift; sourceTree = "<group>"; };
		BC2364D50748884503C90DF9 /* DataTests.swift */ = {isa = PBXFileReference; fileEncoding = 4; lastKnownFileType = sourcecode.swift; path = DataTests.swift; sourceTree = "<group>"; };
		BC2366BC802B6BBCF98B98BD /* CGFloatTests.swift */ = {isa = PBXFileReference; fileEncoding = 4; lastKnownFileType = sourcecode.swift; path = CGFloatTests.swift; sourceTree = "<group>"; };
		BC2368D3A5B09F52D6C7CD92 /* CGFloatExtensions.swift */ = {isa = PBXFileReference; fileEncoding = 4; lastKnownFileType = sourcecode.swift; path = CGFloatExtensions.swift; sourceTree = "<group>"; };
		BC236C45BC71C0992C3F8A83 /* GeneralFunctions.swift */ = {isa = PBXFileReference; fileEncoding = 4; lastKnownFileType = sourcecode.swift; path = GeneralFunctions.swift; sourceTree = "<group>"; };
		BC236E8B0A0EF5A1111C3918 /* Logger.swift */ = {isa = PBXFileReference; fileEncoding = 4; lastKnownFileType = sourcecode.swift; path = Logger.swift; sourceTree = "<group>"; };
/* End PBXFileReference section */

/* Begin PBXFrameworksBuildPhase section */
		A704F3D71FAC4BF700833615 /* Frameworks */ = {
			isa = PBXFrameworksBuildPhase;
			buildActionMask = 2147483647;
			files = (
				A7646D211FB51D520011BBEF /* csenseSwift.framework in Frameworks */,
			);
			runOnlyForDeploymentPostprocessing = 0;
		};
		A704F3E11FAC4BF800833615 /* Frameworks */ = {
			isa = PBXFrameworksBuildPhase;
			buildActionMask = 2147483647;
			files = (
				A7646D251FB552690011BBEF /* csenseTests.framework in Frameworks */,
				A704F3E51FAC4BF800833615 /* csenseIosBase.framework in Frameworks */,
			);
			runOnlyForDeploymentPostprocessing = 0;
		};
/* End PBXFrameworksBuildPhase section */

/* Begin PBXGroup section */
		A704F3D11FAC4BF700833615 = {
			isa = PBXGroup;
			children = (
				A7B06DD12000F34200FAEDD6 /* .swiftlint.yml */,
				A7D673481FCEDE3900AFAE30 /* Cartfile */,
				A704F3DD1FAC4BF700833615 /* csenseIosBase */,
				A704F3E81FAC4BF800833615 /* csenseIosBaseTests */,
				A704F3DC1FAC4BF700833615 /* Products */,
				A7D3CD791FACA2E800A8633F /* Frameworks */,
			);
			sourceTree = "<group>";
		};
		A704F3DC1FAC4BF700833615 /* Products */ = {
			isa = PBXGroup;
			children = (
				A704F3DB1FAC4BF700833615 /* csenseIosBase.framework */,
				A704F3E41FAC4BF800833615 /* csenseIosBaseTests.xctest */,
			);
			name = Products;
			sourceTree = "<group>";
		};
		A704F3DD1FAC4BF700833615 /* csenseIosBase */ = {
			isa = PBXGroup;
			children = (
				A704F3DE1FAC4BF700833615 /* csenseIosBase.h */,
				A704F3DF1FAC4BF700833615 /* Info.plist */,
				BC236E1B5E007521428B34A9 /* Logger */,
				BC23677161B8FD57BA40BF82 /* Extensions */,
				BC236260D3A5FAAA7D407239 /* globalFunction */,
			);
			path = csenseIosBase;
			sourceTree = "<group>";
		};
		A704F3E81FAC4BF800833615 /* csenseIosBaseTests */ = {
			isa = PBXGroup;
			children = (
				A704F3E91FAC4BF800833615 /* csenseIosBaseTests.swift */,
				A704F3EB1FAC4BF800833615 /* Info.plist */,
				BC2367DF42FCB786BE763C0A /* Extensions */,
				BC236353575E2B52EA7C2ED2 /* Logger */,
			);
			path = csenseIosBaseTests;
			sourceTree = "<group>";
		};
		A7D3CD791FACA2E800A8633F /* Frameworks */ = {
			isa = PBXGroup;
			children = (
				A7646D261FB552690011BBEF /* csenseTests.framework */,
				A7646D221FB51D520011BBEF /* csenseSwift.framework */,
				A7D3CD7B1FACA2E800A8633F /* csenseTests.framework */,
			);
			name = Frameworks;
			sourceTree = "<group>";
		};
		BC236260D3A5FAAA7D407239 /* globalFunction */ = {
			isa = PBXGroup;
			children = (
				BC236C45BC71C0992C3F8A83 /* GeneralFunctions.swift */,
			);
			path = globalFunction;
			sourceTree = "<group>";
		};
		BC236353575E2B52EA7C2ED2 /* Logger */ = {
			isa = PBXGroup;
			children = (
				BC23624A2E89EF1650DD7B9D /* LoggerTests.swift */,
			);
			path = Logger;
			sourceTree = "<group>";
		};
		BC23650669CF491D3DB377B6 /* coreGraphics */ = {
			isa = PBXGroup;
			children = (
				BC2368D3A5B09F52D6C7CD92 /* CGFloatExtensions.swift */,
			);
			path = coreGraphics;
			sourceTree = "<group>";
		};
		BC2366CA0A7371A6374C7C5F /* coreGraphics */ = {
			isa = PBXGroup;
			children = (
			);
			path = coreGraphics;
			sourceTree = "<group>";
		};
		BC23677161B8FD57BA40BF82 /* Extensions */ = {
			isa = PBXGroup;
			children = (
				BC23600C97E574CA69DFEF7C /* Data.swift */,
				BC23650669CF491D3DB377B6 /* coreGraphics */,
			);
			path = Extensions;
			sourceTree = "<group>";
		};
		BC2367DF42FCB786BE763C0A /* Extensions */ = {
			isa = PBXGroup;
			children = (
				BC2366BC802B6BBCF98B98BD /* CGFloatTests.swift */,
				BC2366CA0A7371A6374C7C5F /* coreGraphics */,
				BC2364D50748884503C90DF9 /* DataTests.swift */,
			);
			path = Extensions;
			sourceTree = "<group>";
		};
		BC236E1B5E007521428B34A9 /* Logger */ = {
			isa = PBXGroup;
			children = (
				BC236E8B0A0EF5A1111C3918 /* Logger.swift */,
			);
			path = Logger;
			sourceTree = "<group>";
		};
/* End PBXGroup section */

/* Begin PBXHeadersBuildPhase section */
		A704F3D81FAC4BF700833615 /* Headers */ = {
			isa = PBXHeadersBuildPhase;
			buildActionMask = 2147483647;
			files = (
				A704F3EC1FAC4BF800833615 /* csenseIosBase.h in Headers */,
			);
			runOnlyForDeploymentPostprocessing = 0;
		};
/* End PBXHeadersBuildPhase section */

/* Begin PBXNativeTarget section */
		A704F3DA1FAC4BF700833615 /* csenseIosBase */ = {
			isa = PBXNativeTarget;
			buildConfigurationList = A704F3EF1FAC4BF800833615 /* Build configuration list for PBXNativeTarget "csenseIosBase" */;
			buildPhases = (
				A704F3D61FAC4BF700833615 /* Sources */,
				A704F3D71FAC4BF700833615 /* Frameworks */,
				A704F3D81FAC4BF700833615 /* Headers */,
				A704F3D91FAC4BF700833615 /* Resources */,
			);
			buildRules = (
			);
			dependencies = (
			);
			name = csenseIosBase;
			productName = csenseIosBase;
			productReference = A704F3DB1FAC4BF700833615 /* csenseIosBase.framework */;
			productType = "com.apple.product-type.framework";
		};
		A704F3E31FAC4BF800833615 /* csenseIosBaseTests */ = {
			isa = PBXNativeTarget;
			buildConfigurationList = A704F3F21FAC4BF800833615 /* Build configuration list for PBXNativeTarget "csenseIosBaseTests" */;
			buildPhases = (
				A704F3E01FAC4BF800833615 /* Sources */,
				A704F3E11FAC4BF800833615 /* Frameworks */,
				A704F3E21FAC4BF800833615 /* Resources */,
			);
			buildRules = (
			);
			dependencies = (
				A704F3E71FAC4BF800833615 /* PBXTargetDependency */,
			);
			name = csenseIosBaseTests;
			productName = csenseIosBaseTests;
			productReference = A704F3E41FAC4BF800833615 /* csenseIosBaseTests.xctest */;
			productType = "com.apple.product-type.bundle.unit-test";
		};
/* End PBXNativeTarget section */

/* Begin PBXProject section */
		A704F3D21FAC4BF700833615 /* Project object */ = {
			isa = PBXProject;
			attributes = {
				LastSwiftUpdateCheck = 0900;
				LastUpgradeCheck = 0900;
				ORGANIZATIONNAME = commonsense;
				TargetAttributes = {
					A704F3DA1FAC4BF700833615 = {
						CreatedOnToolsVersion = 9.0.1;
						LastSwiftMigration = 0900;
						ProvisioningStyle = Manual;
					};
					A704F3E31FAC4BF800833615 = {
						CreatedOnToolsVersion = 9.0.1;
						ProvisioningStyle = Manual;
					};
					A7D7F6DC1FC83B9E0037E16E = {
						CreatedOnToolsVersion = 9.1;
						ProvisioningStyle = Automatic;
					};
				};
			};
			buildConfigurationList = A704F3D51FAC4BF700833615 /* Build configuration list for PBXProject "csenseIosBase" */;
			compatibilityVersion = "Xcode 8.0";
			developmentRegion = en;
			hasScannedForEncodings = 0;
			knownRegions = (
				en,
			);
			mainGroup = A704F3D11FAC4BF700833615;
			productRefGroup = A704F3DC1FAC4BF700833615 /* Products */;
			projectDirPath = "";
			projectRoot = "";
			targets = (
				A704F3DA1FAC4BF700833615 /* csenseIosBase */,
				A704F3E31FAC4BF800833615 /* csenseIosBaseTests */,
				A7D7F6DC1FC83B9E0037E16E /* csenseIosBaseFramework */,
			);
		};
/* End PBXProject section */

/* Begin PBXResourcesBuildPhase section */
		A704F3D91FAC4BF700833615 /* Resources */ = {
			isa = PBXResourcesBuildPhase;
			buildActionMask = 2147483647;
			files = (
				A7B06DD22000F34200FAEDD6 /* .swiftlint.yml in Resources */,
				A7D673491FCEDE3900AFAE30 /* Cartfile in Resources */,
			);
			runOnlyForDeploymentPostprocessing = 0;
		};
		A704F3E21FAC4BF800833615 /* Resources */ = {
			isa = PBXResourcesBuildPhase;
			buildActionMask = 2147483647;
			files = (
			);
			runOnlyForDeploymentPostprocessing = 0;
		};
/* End PBXResourcesBuildPhase section */

/* Begin PBXShellScriptBuildPhase section */
		A7D7F6E01FC83BC40037E16E /* Generate framework */ = {
			isa = PBXShellScriptBuildPhase;
			buildActionMask = 2147483647;
			files = (
			);
			inputPaths = (
			);
			name = "Generate framework";
			outputPaths = (
			);
			runOnlyForDeploymentPostprocessing = 0;
			shellPath = /bin/sh;
			shellScript = "#!/bin/sh\n\n\nUNIVERSAL_OUTPUTFOLDER=${BUILD_DIR}/${CONFIGURATION}-universal\n\n\n# make sure the output directory exists\n\nmkdir -p \"${UNIVERSAL_OUTPUTFOLDER}\"\n\n\n# Step 1. Build Device and Simulator versions\n\nxcodebuild BITCODE_GENERATION_MODE=bitcode OTHER_CFLAGS=\"-fembed-bitcode\" -target \"${PROJECT_NAME}\" ONLY_ACTIVE_ARCH=NO -configuration ${CONFIGURATION} -sdk iphoneos  BUILD_DIR=\"${BUILD_DIR}\" BUILD_ROOT=\"${BUILD_ROOT}\" clean build OTHER_LDFLAGS=\"-ObjC -fembed-bitcode\"\n\nxcodebuild BITCODE_GENERATION_MODE=bitcode OTHER_CFLAGS=\"-fembed-bitcode-marker\" -target \"${PROJECT_NAME}\" -configuration ${CONFIGURATION} -sdk iphonesimulator ONLY_ACTIVE_ARCH=NO BUILD_DIR=\"${BUILD_DIR}\" BUILD_ROOT=\"${BUILD_ROOT}\" clean build OTHER_LDFLAGS=\"-ObjC\"\n\n\n# Step 2. Copy the framework structure (from iphoneos build) to the universal folder\n\ncp -R \"${BUILD_DIR}/${CONFIGURATION}-iphoneos/${PROJECT_NAME}.framework\" \"${UNIVERSAL_OUTPUTFOLDER}/\"\n\n\n# Step 3. Copy Swift modules from iphonesimulator build (if it exists) to the copied framework directory\n\nSIMULATOR_SWIFT_MODULES_DIR=\"${BUILD_DIR}/${CONFIGURATION}-iphonesimulator/${PROJECT_NAME}.framework/Modules/${PROJECT_NAME}.swiftmodule/.\"\n\nif [ -d \"${SIMULATOR_SWIFT_MODULES_DIR}\" ]; then\n\ncp -R \"${SIMULATOR_SWIFT_MODULES_DIR}\" \"${UNIVERSAL_OUTPUTFOLDER}/${PROJECT_NAME}.framework/Modules/${PROJECT_NAME}.swiftmodule\"\n\nfi\n\n\n# Step 4. Create universal binary file using lipo and place the combined executable in the copied framework directory\n\nlipo -create -output \"${UNIVERSAL_OUTPUTFOLDER}/${PROJECT_NAME}.framework/${PROJECT_NAME}\" \"${BUILD_DIR}/${CONFIGURATION}-iphonesimulator/${PROJECT_NAME}.framework/${PROJECT_NAME}\" \"${BUILD_DIR}/${CONFIGURATION}-iphoneos/${PROJECT_NAME}.framework/${PROJECT_NAME}\"\n\n\n# Step 5. Convenience step to copy the framework to the project's directory\n\ncp -R \"${UNIVERSAL_OUTPUTFOLDER}/${PROJECT_NAME}.framework\" \"${PROJECT_DIR}\"\n\n\n# Step 6. Convenience step to open the project's directory in Finder\n\nopen \"${BUILD_DIR}/${CONFIGURATION}-universal\"\n";
		};
/* End PBXShellScriptBuildPhase section */

/* Begin PBXSourcesBuildPhase section */
		A704F3D61FAC4BF700833615 /* Sources */ = {
			isa = PBXSourcesBuildPhase;
			buildActionMask = 2147483647;
			files = (
				BC23613DC777593DA874E47A /* Logger.swift in Sources */,
				BC2361328BA64810E9FE9FA6 /* GeneralFunctions.swift in Sources */,
				BC2365278C73EC4930689752 /* Data.swift in Sources */,
				BC236F871C3EBE7393E8C5D3 /* CGFloatExtensions.swift in Sources */,
			);
			runOnlyForDeploymentPostprocessing = 0;
		};
		A704F3E01FAC4BF800833615 /* Sources */ = {
			isa = PBXSourcesBuildPhase;
			buildActionMask = 2147483647;
			files = (
				A7D3CD7C1FACA31800A8633F /* csenseTests.framework in Sources */,
				A704F3EA1FAC4BF800833615 /* csenseIosBaseTests.swift in Sources */,
				BC236AD314B75DAA1BD16C25 /* CGFloatTests.swift in Sources */,
				BC236E545B47B0BF3598BA94 /* LoggerTests.swift in Sources */,
				BC236929F77E680E8E4B732B /* DataTests.swift in Sources */,
			);
			runOnlyForDeploymentPostprocessing = 0;
		};
/* End PBXSourcesBuildPhase section */

/* Begin PBXTargetDependency section */
		A704F3E71FAC4BF800833615 /* PBXTargetDependency */ = {
			isa = PBXTargetDependency;
			target = A704F3DA1FAC4BF700833615 /* csenseIosBase */;
			targetProxy = A704F3E61FAC4BF800833615 /* PBXContainerItemProxy */;
		};
/* End PBXTargetDependency section */

/* Begin XCBuildConfiguration section */
		A704F3ED1FAC4BF800833615 /* Debug */ = {
			isa = XCBuildConfiguration;
			buildSettings = {
				ALWAYS_SEARCH_USER_PATHS = NO;
				CLANG_ANALYZER_NONNULL = YES;
				CLANG_ANALYZER_NUMBER_OBJECT_CONVERSION = YES_AGGRESSIVE;
				CLANG_CXX_LANGUAGE_STANDARD = "gnu++14";
				CLANG_CXX_LIBRARY = "libc++";
				CLANG_ENABLE_MODULES = YES;
				CLANG_ENABLE_OBJC_ARC = YES;
				CLANG_WARN_BLOCK_CAPTURE_AUTORELEASING = YES;
				CLANG_WARN_BOOL_CONVERSION = YES;
				CLANG_WARN_COMMA = YES;
				CLANG_WARN_CONSTANT_CONVERSION = YES;
				CLANG_WARN_DIRECT_OBJC_ISA_USAGE = YES_ERROR;
				CLANG_WARN_DOCUMENTATION_COMMENTS = YES;
				CLANG_WARN_EMPTY_BODY = YES;
				CLANG_WARN_ENUM_CONVERSION = YES;
				CLANG_WARN_INFINITE_RECURSION = YES;
				CLANG_WARN_INT_CONVERSION = YES;
				CLANG_WARN_NON_LITERAL_NULL_CONVERSION = YES;
				CLANG_WARN_OBJC_LITERAL_CONVERSION = YES;
				CLANG_WARN_OBJC_ROOT_CLASS = YES_ERROR;
				CLANG_WARN_RANGE_LOOP_ANALYSIS = YES;
				CLANG_WARN_STRICT_PROTOTYPES = YES;
				CLANG_WARN_SUSPICIOUS_MOVE = YES;
				CLANG_WARN_UNGUARDED_AVAILABILITY = YES_AGGRESSIVE;
				CLANG_WARN_UNREACHABLE_CODE = YES;
				CLANG_WARN__DUPLICATE_METHOD_MATCH = YES;
				CODE_SIGN_IDENTITY = "iPhone Developer";
				COPY_PHASE_STRIP = NO;
				CURRENT_PROJECT_VERSION = 1;
				DEBUG_INFORMATION_FORMAT = dwarf;
				ENABLE_STRICT_OBJC_MSGSEND = YES;
				ENABLE_TESTABILITY = YES;
				GCC_C_LANGUAGE_STANDARD = gnu11;
				GCC_DYNAMIC_NO_PIC = NO;
				GCC_NO_COMMON_BLOCKS = YES;
				GCC_OPTIMIZATION_LEVEL = 0;
				GCC_PREPROCESSOR_DEFINITIONS = (
					"DEBUG=1",
					"$(inherited)",
				);
				GCC_WARN_64_TO_32_BIT_CONVERSION = YES;
				GCC_WARN_ABOUT_RETURN_TYPE = YES_ERROR;
				GCC_WARN_UNDECLARED_SELECTOR = YES;
				GCC_WARN_UNINITIALIZED_AUTOS = YES_AGGRESSIVE;
				GCC_WARN_UNUSED_FUNCTION = YES;
				GCC_WARN_UNUSED_VARIABLE = YES;
				IPHONEOS_DEPLOYMENT_TARGET = 9.0;
				MTL_ENABLE_DEBUG_INFO = YES;
				ONLY_ACTIVE_ARCH = YES;
				SDKROOT = iphoneos;
				SWIFT_ACTIVE_COMPILATION_CONDITIONS = DEBUG;
				SWIFT_OPTIMIZATION_LEVEL = "-Onone";
				VERSIONING_SYSTEM = "apple-generic";
				VERSION_INFO_PREFIX = "";
			};
			name = Debug;
		};
		A704F3EE1FAC4BF800833615 /* Release */ = {
			isa = XCBuildConfiguration;
			buildSettings = {
				ALWAYS_SEARCH_USER_PATHS = NO;
				CLANG_ANALYZER_NONNULL = YES;
				CLANG_ANALYZER_NUMBER_OBJECT_CONVERSION = YES_AGGRESSIVE;
				CLANG_CXX_LANGUAGE_STANDARD = "gnu++14";
				CLANG_CXX_LIBRARY = "libc++";
				CLANG_ENABLE_MODULES = YES;
				CLANG_ENABLE_OBJC_ARC = YES;
				CLANG_WARN_BLOCK_CAPTURE_AUTORELEASING = YES;
				CLANG_WARN_BOOL_CONVERSION = YES;
				CLANG_WARN_COMMA = YES;
				CLANG_WARN_CONSTANT_CONVERSION = YES;
				CLANG_WARN_DIRECT_OBJC_ISA_USAGE = YES_ERROR;
				CLANG_WARN_DOCUMENTATION_COMMENTS = YES;
				CLANG_WARN_EMPTY_BODY = YES;
				CLANG_WARN_ENUM_CONVERSION = YES;
				CLANG_WARN_INFINITE_RECURSION = YES;
				CLANG_WARN_INT_CONVERSION = YES;
				CLANG_WARN_NON_LITERAL_NULL_CONVERSION = YES;
				CLANG_WARN_OBJC_LITERAL_CONVERSION = YES;
				CLANG_WARN_OBJC_ROOT_CLASS = YES_ERROR;
				CLANG_WARN_RANGE_LOOP_ANALYSIS = YES;
				CLANG_WARN_STRICT_PROTOTYPES = YES;
				CLANG_WARN_SUSPICIOUS_MOVE = YES;
				CLANG_WARN_UNGUARDED_AVAILABILITY = YES_AGGRESSIVE;
				CLANG_WARN_UNREACHABLE_CODE = YES;
				CLANG_WARN__DUPLICATE_METHOD_MATCH = YES;
				CODE_SIGN_IDENTITY = "iPhone Developer";
				COPY_PHASE_STRIP = NO;
				CURRENT_PROJECT_VERSION = 1;
				DEBUG_INFORMATION_FORMAT = "dwarf-with-dsym";
				ENABLE_NS_ASSERTIONS = NO;
				ENABLE_STRICT_OBJC_MSGSEND = YES;
				GCC_C_LANGUAGE_STANDARD = gnu11;
				GCC_NO_COMMON_BLOCKS = YES;
				GCC_WARN_64_TO_32_BIT_CONVERSION = YES;
				GCC_WARN_ABOUT_RETURN_TYPE = YES_ERROR;
				GCC_WARN_UNDECLARED_SELECTOR = YES;
				GCC_WARN_UNINITIALIZED_AUTOS = YES_AGGRESSIVE;
				GCC_WARN_UNUSED_FUNCTION = YES;
				GCC_WARN_UNUSED_VARIABLE = YES;
				IPHONEOS_DEPLOYMENT_TARGET = 9.0;
				MTL_ENABLE_DEBUG_INFO = NO;
				SDKROOT = iphoneos;
				SWIFT_OPTIMIZATION_LEVEL = "-Owholemodule";
				VALIDATE_PRODUCT = YES;
				VERSIONING_SYSTEM = "apple-generic";
				VERSION_INFO_PREFIX = "";
			};
			name = Release;
		};
		A704F3F01FAC4BF800833615 /* Debug */ = {
			isa = XCBuildConfiguration;
			buildSettings = {
				BITCODE_GENERATION_MODE = marker;
				CLANG_ENABLE_MODULES = YES;
				CODE_SIGN_IDENTITY = "";
				CODE_SIGN_STYLE = Manual;
				DEFINES_MODULE = YES;
				DEVELOPMENT_TEAM = "";
				DYLIB_COMPATIBILITY_VERSION = 1;
				DYLIB_CURRENT_VERSION = 1;
				DYLIB_INSTALL_NAME_BASE = "@rpath";
				FRAMEWORK_SEARCH_PATHS = "$(PROJECT_DIR)/carthage/Build/**";
				INFOPLIST_FILE = csenseIosBase/Info.plist;
				INSTALL_PATH = "$(LOCAL_LIBRARY_DIR)/Frameworks";
				LD_RUNPATH_SEARCH_PATHS = "$(inherited) @executable_path/Frameworks @loader_path/Frameworks";
				PRODUCT_BUNDLE_IDENTIFIER = com.commonsense.csenseIosBase;
				PRODUCT_NAME = "$(TARGET_NAME:c99extidentifier)";
				PROVISIONING_PROFILE_SPECIFIER = "";
				SKIP_INSTALL = YES;
				SWIFT_OPTIMIZATION_LEVEL = "-Onone";
				SWIFT_VERSION = 4.0;
				TARGETED_DEVICE_FAMILY = "1,2";
			};
			name = Debug;
		};
		A704F3F11FAC4BF800833615 /* Release */ = {
			isa = XCBuildConfiguration;
			buildSettings = {
				BITCODE_GENERATION_MODE = bitcode;
				CLANG_ENABLE_MODULES = YES;
				CODE_SIGN_IDENTITY = "";
				CODE_SIGN_STYLE = Manual;
				DEFINES_MODULE = YES;
				DEVELOPMENT_TEAM = "";
				DYLIB_COMPATIBILITY_VERSION = 1;
				DYLIB_CURRENT_VERSION = 1;
				DYLIB_INSTALL_NAME_BASE = "@rpath";
				FRAMEWORK_SEARCH_PATHS = "$(PROJECT_DIR)/carthage/Build/**";
				INFOPLIST_FILE = csenseIosBase/Info.plist;
				INSTALL_PATH = "$(LOCAL_LIBRARY_DIR)/Frameworks";
				LD_RUNPATH_SEARCH_PATHS = "$(inherited) @executable_path/Frameworks @loader_path/Frameworks";
				PRODUCT_BUNDLE_IDENTIFIER = com.commonsense.csenseIosBase;
				PRODUCT_NAME = "$(TARGET_NAME:c99extidentifier)";
				PROVISIONING_PROFILE_SPECIFIER = "";
				SKIP_INSTALL = YES;
				SWIFT_VERSION = 4.0;
				TARGETED_DEVICE_FAMILY = "1,2";
			};
			name = Release;
		};
		A704F3F31FAC4BF800833615 /* Debug */ = {
			isa = XCBuildConfiguration;
			buildSettings = {
				CODE_SIGN_STYLE = Manual;
				DEVELOPMENT_TEAM = "";
				INFOPLIST_FILE = csenseIosBaseTests/Info.plist;
				LD_RUNPATH_SEARCH_PATHS = "$(inherited) @executable_path/Frameworks @loader_path/Frameworks";
				PRODUCT_BUNDLE_IDENTIFIER = com.commonsense.csenseIosBaseTests;
				PRODUCT_NAME = "$(TARGET_NAME)";
				PROVISIONING_PROFILE_SPECIFIER = "";
				SWIFT_VERSION = 4.0;
				TARGETED_DEVICE_FAMILY = "1,2";
			};
			name = Debug;
		};
		A704F3F41FAC4BF800833615 /* Release */ = {
			isa = XCBuildConfiguration;
			buildSettings = {
				CODE_SIGN_STYLE = Manual;
				DEVELOPMENT_TEAM = "";
				INFOPLIST_FILE = csenseIosBaseTests/Info.plist;
				LD_RUNPATH_SEARCH_PATHS = "$(inherited) @executable_path/Frameworks @loader_path/Frameworks";
				PRODUCT_BUNDLE_IDENTIFIER = com.commonsense.csenseIosBaseTests;
				PRODUCT_NAME = "$(TARGET_NAME)";
				PROVISIONING_PROFILE_SPECIFIER = "";
				SWIFT_VERSION = 4.0;
				TARGETED_DEVICE_FAMILY = "1,2";
			};
			name = Release;
		};
		A7D7F6DD1FC83B9E0037E16E /* Debug */ = {
			isa = XCBuildConfiguration;
			buildSettings = {
				CODE_SIGN_STYLE = Automatic;
				PRODUCT_NAME = "$(TARGET_NAME)";
			};
			name = Debug;
		};
		A7D7F6DE1FC83B9E0037E16E /* Release */ = {
			isa = XCBuildConfiguration;
			buildSettings = {
				CODE_SIGN_STYLE = Automatic;
				PRODUCT_NAME = "$(TARGET_NAME)";
			};
			name = Release;
		};
/* End XCBuildConfiguration section */

/* Begin XCConfigurationList section */
		A704F3D51FAC4BF700833615 /* Build configuration list for PBXProject "csenseIosBase" */ = {
			isa = XCConfigurationList;
			buildConfigurations = (
				A704F3ED1FAC4BF800833615 /* Debug */,
				A704F3EE1FAC4BF800833615 /* Release */,
			);
			defaultConfigurationIsVisible = 0;
			defaultConfigurationName = Release;
		};
		A704F3EF1FAC4BF800833615 /* Build configuration list for PBXNativeTarget "csenseIosBase" */ = {
			isa = XCConfigurationList;
			buildConfigurations = (
				A704F3F01FAC4BF800833615 /* Debug */,
				A704F3F11FAC4BF800833615 /* Release */,
			);
			defaultConfigurationIsVisible = 0;
			defaultConfigurationName = Release;
		};
		A704F3F21FAC4BF800833615 /* Build configuration list for PBXNativeTarget "csenseIosBaseTests" */ = {
			isa = XCConfigurationList;
			buildConfigurations = (
				A704F3F31FAC4BF800833615 /* Debug */,
				A704F3F41FAC4BF800833615 /* Release */,
			);
			defaultConfigurationIsVisible = 0;
			defaultConfigurationName = Release;
		};
		A7D7F6DF1FC83B9E0037E16E /* Build configuration list for PBXAggregateTarget "csenseIosBaseFramework" */ = {
			isa = XCConfigurationList;
			buildConfigurations = (
				A7D7F6DD1FC83B9E0037E16E /* Debug */,
				A7D7F6DE1FC83B9E0037E16E /* Release */,
			);
			defaultConfigurationIsVisible = 0;
			defaultConfigurationName = Release;
		};
/* End XCConfigurationList section */
	};
	rootObject = A704F3D21FAC4BF700833615 /* Project object */;
}
